{
  "name": "src",
  "version": "1.0.0",
  "lockfileVersion": 1,
  "requires": true,
  "dependencies": {
    "oneutil": {
      "version": "2.1.3",
      "resolved": "https://registry.npmjs.org/oneutil/-/oneutil-2.1.3.tgz",
      "integrity": "sha512-8KdiNQYXWemIx15IeXhYHebfc8CVJ1IFvTlmYghnh5+QMtZJRr0KsQ/q0bOOMiQpT8XGn0NFxXbAH4l6W5I5Pg=="
    }
  }
}
